// !$*UTF8*$!
{
	archiveVersion = 1;
	classes = {
	};
	objectVersion = 56;
	objects = {

/* Begin PBXBuildFile section */
		ABD10524291E88330083B993 /* passthrough_tests.mm in Sources */ = {isa = PBXBuildFile; fileRef = ABD10523291E88330083B993 /* passthrough_tests.mm */; };
		ABD10531291E887F0083B993 /* regression_tests.mm in Sources */ = {isa = PBXBuildFile; fileRef = ABD10530291E887F0083B993 /* regression_tests.mm */; };
		ABD1055A291E8E9F0083B993 /* cppfront.cpp in Sources */ = {isa = PBXBuildFile; fileRef = ABD10502291E85A40083B993 /* cppfront.cpp */; };
		ABD1055B291E8EA00083B993 /* cppfront.cpp in Sources */ = {isa = PBXBuildFile; fileRef = ABD10502291E85A40083B993 /* cppfront.cpp */; };
		ABD10564291E95490083B993 /* cppfront.mm in Sources */ = {isa = PBXBuildFile; fileRef = ABD10563291E95490083B993 /* cppfront.mm */; };
		ABD10565291E954D0083B993 /* cppfront.mm in Sources */ = {isa = PBXBuildFile; fileRef = ABD10563291E95490083B993 /* cppfront.mm */; };
/* End PBXBuildFile section */

/* Begin PBXContainerItemProxy section */
		ABD10532291E89660083B993 /* PBXContainerItemProxy */ = {
			isa = PBXContainerItemProxy;
			containerPortal = ABD104EF291E83280083B993 /* Project object */;
			proxyType = 1;
			remoteGlobalIDString = ABD104F6291E83280083B993;
			remoteInfo = cppfront;
		};
		ABD10534291E89840083B993 /* PBXContainerItemProxy */ = {
			isa = PBXContainerItemProxy;
			containerPortal = ABD104EF291E83280083B993 /* Project object */;
			proxyType = 1;
			remoteGlobalIDString = ABD104F6291E83280083B993;
			remoteInfo = cppfront;
		};
/* End PBXContainerItemProxy section */

/* Begin PBXCopyFilesBuildPhase section */
		ABD104F5291E83280083B993 /* CopyFiles */ = {
			isa = PBXCopyFilesBuildPhase;
			buildActionMask = 2147483647;
			dstPath = /usr/share/man/man1/;
			dstSubfolderSpec = 0;
			files = (
			);
			runOnlyForDeploymentPostprocessing = 1;
		};
/* End PBXCopyFilesBuildPhase section */

/* Begin PBXFileReference section */
		ABD104F7291E83280083B993 /* cppfront */ = {isa = PBXFileReference; explicitFileType = "compiled.mach-o.executable"; includeInIndex = 0; path = cppfront; sourceTree = BUILT_PRODUCTS_DIR; };
		ABD10501291E85A40083B993 /* common.h */ = {isa = PBXFileReference; fileEncoding = 4; lastKnownFileType = sourcecode.c.h; name = common.h; path = source/common.h; sourceTree = "<group>"; };
		ABD10502291E85A40083B993 /* cppfront.cpp */ = {isa = PBXFileReference; fileEncoding = 4; lastKnownFileType = sourcecode.cpp.cpp; name = cppfront.cpp; path = source/cppfront.cpp; sourceTree = "<group>"; };
		ABD10503291E85A40083B993 /* load.h */ = {isa = PBXFileReference; fileEncoding = 4; lastKnownFileType = sourcecode.c.h; name = load.h; path = source/load.h; sourceTree = "<group>"; };
		ABD10504291E85A40083B993 /* lex.h */ = {isa = PBXFileReference; fileEncoding = 4; lastKnownFileType = sourcecode.c.h; name = lex.h; path = source/lex.h; sourceTree = "<group>"; };
		ABD10505291E85A40083B993 /* parse.h */ = {isa = PBXFileReference; fileEncoding = 4; lastKnownFileType = sourcecode.c.h; name = parse.h; path = source/parse.h; sourceTree = "<group>"; };
		ABD10506291E85A40083B993 /* sema.h */ = {isa = PBXFileReference; fileEncoding = 4; lastKnownFileType = sourcecode.c.h; name = sema.h; path = source/sema.h; sourceTree = "<group>"; };
		ABD10508291E85B40083B993 /* cpp2util.h */ = {isa = PBXFileReference; fileEncoding = 4; lastKnownFileType = sourcecode.c.h; name = cpp2util.h; path = include/cpp2util.h; sourceTree = "<group>"; };
		ABD1050C291E861D0083B993 /* cpp2util.h */ = {isa = PBXFileReference; lastKnownFileType = sourcecode.c.h; name = cpp2util.h; path = cppfront/include/cpp2util.h; sourceTree = "<group>"; };
		ABD1051C291E88030083B993 /* passthrough-tests.xctest */ = {isa = PBXFileReference; explicitFileType = wrapper.cfbundle; includeInIndex = 0; path = "passthrough-tests.xctest"; sourceTree = BUILT_PRODUCTS_DIR; };
		ABD10523291E88330083B993 /* passthrough_tests.mm */ = {isa = PBXFileReference; fileEncoding = 4; lastKnownFileType = sourcecode.cpp.objcpp; path = passthrough_tests.mm; sourceTree = SOURCE_ROOT; };
		ABD10529291E88570083B993 /* regression-tests.xctest */ = {isa = PBXFileReference; explicitFileType = wrapper.cfbundle; includeInIndex = 0; path = "regression-tests.xctest"; sourceTree = BUILT_PRODUCTS_DIR; };
		ABD10530291E887F0083B993 /* regression_tests.mm */ = {isa = PBXFileReference; fileEncoding = 4; lastKnownFileType = sourcecode.cpp.objcpp; path = regression_tests.mm; sourceTree = SOURCE_ROOT; };
		ABD10563291E95490083B993 /* cppfront.mm */ = {isa = PBXFileReference; fileEncoding = 4; lastKnownFileType = sourcecode.cpp.objcpp; path = cppfront.mm; sourceTree = "<group>"; };
		ABD10566291E95CF0083B993 /* cppfront.h */ = {isa = PBXFileReference; fileEncoding = 4; lastKnownFileType = sourcecode.c.h; path = cppfront.h; sourceTree = "<group>"; };
/* End PBXFileReference section */

/* Begin PBXFrameworksBuildPhase section */
		ABD104F4291E83280083B993 /* Frameworks */ = {
			isa = PBXFrameworksBuildPhase;
			buildActionMask = 2147483647;
			files = (
			);
			runOnlyForDeploymentPostprocessing = 0;
		};
		ABD10519291E88030083B993 /* Frameworks */ = {
			isa = PBXFrameworksBuildPhase;
			buildActionMask = 2147483647;
			files = (
			);
			runOnlyForDeploymentPostprocessing = 0;
		};
		ABD10526291E88570083B993 /* Frameworks */ = {
			isa = PBXFrameworksBuildPhase;
			buildActionMask = 2147483647;
			files = (
			);
			runOnlyForDeploymentPostprocessing = 0;
		};
/* End PBXFrameworksBuildPhase section */

/* Begin PBXGroup section */
		ABD104EE291E83280083B993 = {
			isa = PBXGroup;
			children = (
				ABD1050C291E861D0083B993 /* cpp2util.h */,
				ABD10563291E95490083B993 /* cppfront.mm */,
				ABD10566291E95CF0083B993 /* cppfront.h */,
				ABD104F9291E83280083B993 /* cppfront */,
				ABD10538291E8D980083B993 /* regression-tests */,
				ABD10537291E8D7A0083B993 /* passthrough-tests */,
				ABD104F8291E83280083B993 /* Products */,
			);
			sourceTree = "<group>";
		};
		ABD104F8291E83280083B993 /* Products */ = {
			isa = PBXGroup;
			children = (
				ABD104F7291E83280083B993 /* cppfront */,
				ABD1051C291E88030083B993 /* passthrough-tests.xctest */,
				ABD10529291E88570083B993 /* regression-tests.xctest */,
			);
			name = Products;
			sourceTree = "<group>";
		};
		ABD104F9291E83280083B993 /* cppfront */ = {
			isa = PBXGroup;
			children = (
				ABD10508291E85B40083B993 /* cpp2util.h */,
				ABD10501291E85A40083B993 /* common.h */,
				ABD10502291E85A40083B993 /* cppfront.cpp */,
				ABD10504291E85A40083B993 /* lex.h */,
				ABD10503291E85A40083B993 /* load.h */,
				ABD10505291E85A40083B993 /* parse.h */,
				ABD10506291E85A40083B993 /* sema.h */,
			);
			path = cppfront;
			sourceTree = "<group>";
		};
		ABD10537291E8D7A0083B993 /* passthrough-tests */ = {
			isa = PBXGroup;
			children = (
				ABD10523291E88330083B993 /* passthrough_tests.mm */,
			);
			name = "passthrough-tests";
			sourceTree = "<group>";
		};
		ABD10538291E8D980083B993 /* regression-tests */ = {
			isa = PBXGroup;
			children = (
				ABD10530291E887F0083B993 /* regression_tests.mm */,
			);
			name = "regression-tests";
			sourceTree = "<group>";
		};
/* End PBXGroup section */

/* Begin PBXNativeTarget section */
		ABD104F6291E83280083B993 /* cppfront */ = {
			isa = PBXNativeTarget;
			buildConfigurationList = ABD104FE291E83280083B993 /* Build configuration list for PBXNativeTarget "cppfront" */;
			buildPhases = (
				ABD104F3291E83280083B993 /* Sources */,
				ABD104F4291E83280083B993 /* Frameworks */,
				ABD104F5291E83280083B993 /* CopyFiles */,
			);
			buildRules = (
			);
			dependencies = (
			);
			name = cppfront;
			productName = cppfront;
			productReference = ABD104F7291E83280083B993 /* cppfront */;
			productType = "com.apple.product-type.tool";
		};
		ABD1051B291E88030083B993 /* passthrough-tests */ = {
			isa = PBXNativeTarget;
			buildConfigurationList = ABD10520291E88030083B993 /* Build configuration list for PBXNativeTarget "passthrough-tests" */;
			buildPhases = (
				ABD10518291E88030083B993 /* Sources */,
				ABD10519291E88030083B993 /* Frameworks */,
				ABD1051A291E88030083B993 /* Resources */,
			);
			buildRules = (
			);
			dependencies = (
				ABD10533291E89660083B993 /* PBXTargetDependency */,
			);
			name = "passthrough-tests";
			productName = "passthrough-tests";
			productReference = ABD1051C291E88030083B993 /* passthrough-tests.xctest */;
			productType = "com.apple.product-type.bundle.unit-test";
		};
		ABD10528291E88570083B993 /* regression-tests */ = {
			isa = PBXNativeTarget;
			buildConfigurationList = ABD1052D291E88570083B993 /* Build configuration list for PBXNativeTarget "regression-tests" */;
			buildPhases = (
				ABD10525291E88570083B993 /* Sources */,
				ABD10526291E88570083B993 /* Frameworks */,
				ABD10527291E88570083B993 /* Resources */,
			);
			buildRules = (
			);
			dependencies = (
				ABD10535291E89840083B993 /* PBXTargetDependency */,
			);
			name = "regression-tests";
			productName = "regression-tests";
			productReference = ABD10529291E88570083B993 /* regression-tests.xctest */;
			productType = "com.apple.product-type.bundle.unit-test";
		};
/* End PBXNativeTarget section */

/* Begin PBXProject section */
		ABD104EF291E83280083B993 /* Project object */ = {
			isa = PBXProject;
			attributes = {
				BuildIndependentTargetsInParallel = 1;
				LastSwiftUpdateCheck = 1410;
				LastUpgradeCheck = 1410;
				TargetAttributes = {
					ABD104F6291E83280083B993 = {
						CreatedOnToolsVersion = 14.1;
					};
					ABD1051B291E88030083B993 = {
						CreatedOnToolsVersion = 14.1;
					};
					ABD10528291E88570083B993 = {
						CreatedOnToolsVersion = 14.1;
					};
				};
			};
			buildConfigurationList = ABD104F2291E83280083B993 /* Build configuration list for PBXProject "cppfront" */;
			compatibilityVersion = "Xcode 14.0";
			developmentRegion = en;
			hasScannedForEncodings = 0;
			knownRegions = (
				en,
				Base,
			);
			mainGroup = ABD104EE291E83280083B993;
			productRefGroup = ABD104F8291E83280083B993 /* Products */;
			projectDirPath = "";
			projectRoot = "";
			targets = (
				ABD104F6291E83280083B993 /* cppfront */,
				ABD1051B291E88030083B993 /* passthrough-tests */,
				ABD10528291E88570083B993 /* regression-tests */,
			);
		};
/* End PBXProject section */

/* Begin PBXResourcesBuildPhase section */
		ABD1051A291E88030083B993 /* Resources */ = {
			isa = PBXResourcesBuildPhase;
			buildActionMask = 2147483647;
			files = (
			);
			runOnlyForDeploymentPostprocessing = 0;
		};
		ABD10527291E88570083B993 /* Resources */ = {
			isa = PBXResourcesBuildPhase;
			buildActionMask = 2147483647;
			files = (
			);
			runOnlyForDeploymentPostprocessing = 0;
		};
/* End PBXResourcesBuildPhase section */

/* Begin PBXSourcesBuildPhase section */
		ABD104F3291E83280083B993 /* Sources */ = {
			isa = PBXSourcesBuildPhase;
			buildActionMask = 2147483647;
			files = (
			);
			runOnlyForDeploymentPostprocessing = 0;
		};
		ABD10518291E88030083B993 /* Sources */ = {
			isa = PBXSourcesBuildPhase;
			buildActionMask = 2147483647;
			files = (
				ABD10524291E88330083B993 /* passthrough_tests.mm in Sources */,
				ABD1055A291E8E9F0083B993 /* cppfront.cpp in Sources */,
				ABD10565291E954D0083B993 /* cppfront.mm in Sources */,
			);
			runOnlyForDeploymentPostprocessing = 0;
		};
		ABD10525291E88570083B993 /* Sources */ = {
			isa = PBXSourcesBuildPhase;
			buildActionMask = 2147483647;
			files = (
				ABD10531291E887F0083B993 /* regression_tests.mm in Sources */,
				ABD1055B291E8EA00083B993 /* cppfront.cpp in Sources */,
				ABD10564291E95490083B993 /* cppfront.mm in Sources */,
			);
			runOnlyForDeploymentPostprocessing = 0;
		};
/* End PBXSourcesBuildPhase section */

/* Begin PBXTargetDependency section */
		ABD10533291E89660083B993 /* PBXTargetDependency */ = {
			isa = PBXTargetDependency;
			target = ABD104F6291E83280083B993 /* cppfront */;
			targetProxy = ABD10532291E89660083B993 /* PBXContainerItemProxy */;
		};
		ABD10535291E89840083B993 /* PBXTargetDependency */ = {
			isa = PBXTargetDependency;
			target = ABD104F6291E83280083B993 /* cppfront */;
			targetProxy = ABD10534291E89840083B993 /* PBXContainerItemProxy */;
		};
/* End PBXTargetDependency section */

/* Begin XCBuildConfiguration section */
		ABD104FC291E83280083B993 /* Debug */ = {
			isa = XCBuildConfiguration;
			buildSettings = {
				ALWAYS_SEARCH_USER_PATHS = NO;
				CLANG_ANALYZER_NONNULL = YES;
				CLANG_ANALYZER_NUMBER_OBJECT_CONVERSION = YES_AGGRESSIVE;
				CLANG_CXX_LANGUAGE_STANDARD = "c++20";
				CLANG_ENABLE_MODULES = YES;
				CLANG_ENABLE_OBJC_ARC = YES;
				CLANG_ENABLE_OBJC_WEAK = YES;
				CLANG_WARN_BLOCK_CAPTURE_AUTORELEASING = YES;
				CLANG_WARN_BOOL_CONVERSION = YES;
				CLANG_WARN_COMMA = YES;
				CLANG_WARN_CONSTANT_CONVERSION = YES;
				CLANG_WARN_DEPRECATED_OBJC_IMPLEMENTATIONS = YES;
				CLANG_WARN_DIRECT_OBJC_ISA_USAGE = YES_ERROR;
				CLANG_WARN_DOCUMENTATION_COMMENTS = YES;
				CLANG_WARN_EMPTY_BODY = YES;
				CLANG_WARN_ENUM_CONVERSION = YES;
				CLANG_WARN_INFINITE_RECURSION = YES;
				CLANG_WARN_INT_CONVERSION = YES;
				CLANG_WARN_NON_LITERAL_NULL_CONVERSION = YES;
				CLANG_WARN_OBJC_IMPLICIT_RETAIN_SELF = YES;
				CLANG_WARN_OBJC_LITERAL_CONVERSION = YES;
				CLANG_WARN_OBJC_ROOT_CLASS = YES_ERROR;
				CLANG_WARN_QUOTED_INCLUDE_IN_FRAMEWORK_HEADER = YES;
				CLANG_WARN_RANGE_LOOP_ANALYSIS = YES;
				CLANG_WARN_STRICT_PROTOTYPES = YES;
				CLANG_WARN_SUSPICIOUS_MOVE = YES;
				CLANG_WARN_UNGUARDED_AVAILABILITY = YES_AGGRESSIVE;
				CLANG_WARN_UNREACHABLE_CODE = YES;
				CLANG_WARN__DUPLICATE_METHOD_MATCH = YES;
				COPY_PHASE_STRIP = NO;
				DEBUG_INFORMATION_FORMAT = dwarf;
				ENABLE_STRICT_OBJC_MSGSEND = YES;
				ENABLE_TESTABILITY = YES;
				GCC_C_LANGUAGE_STANDARD = gnu11;
				GCC_DYNAMIC_NO_PIC = NO;
				GCC_NO_COMMON_BLOCKS = YES;
				GCC_OPTIMIZATION_LEVEL = 0;
				GCC_PREPROCESSOR_DEFINITIONS = (
					"DEBUG=1",
					"$(inherited)",
				);
				GCC_WARN_64_TO_32_BIT_CONVERSION = YES;
				GCC_WARN_ABOUT_RETURN_TYPE = YES_ERROR;
				GCC_WARN_HIDDEN_VIRTUAL_FUNCTIONS = YES;
				GCC_WARN_UNDECLARED_SELECTOR = YES;
				GCC_WARN_UNINITIALIZED_AUTOS = YES_AGGRESSIVE;
				GCC_WARN_UNUSED_FUNCTION = YES;
				GCC_WARN_UNUSED_VARIABLE = YES;
				MACOSX_DEPLOYMENT_TARGET = 13.0;
				MTL_ENABLE_DEBUG_INFO = INCLUDE_SOURCE;
				MTL_FAST_MATH = YES;
				ONLY_ACTIVE_ARCH = YES;
				SDKROOT = macosx;
			};
			name = Debug;
		};
		ABD104FD291E83280083B993 /* Release */ = {
			isa = XCBuildConfiguration;
			buildSettings = {
				ALWAYS_SEARCH_USER_PATHS = NO;
				CLANG_ANALYZER_NONNULL = YES;
				CLANG_ANALYZER_NUMBER_OBJECT_CONVERSION = YES_AGGRESSIVE;
				CLANG_CXX_LANGUAGE_STANDARD = "c++20";
				CLANG_ENABLE_MODULES = YES;
				CLANG_ENABLE_OBJC_ARC = YES;
				CLANG_ENABLE_OBJC_WEAK = YES;
				CLANG_WARN_BLOCK_CAPTURE_AUTORELEASING = YES;
				CLANG_WARN_BOOL_CONVERSION = YES;
				CLANG_WARN_COMMA = YES;
				CLANG_WARN_CONSTANT_CONVERSION = YES;
				CLANG_WARN_DEPRECATED_OBJC_IMPLEMENTATIONS = YES;
				CLANG_WARN_DIRECT_OBJC_ISA_USAGE = YES_ERROR;
				CLANG_WARN_DOCUMENTATION_COMMENTS = YES;
				CLANG_WARN_EMPTY_BODY = YES;
				CLANG_WARN_ENUM_CONVERSION = YES;
				CLANG_WARN_INFINITE_RECURSION = YES;
				CLANG_WARN_INT_CONVERSION = YES;
				CLANG_WARN_NON_LITERAL_NULL_CONVERSION = YES;
				CLANG_WARN_OBJC_IMPLICIT_RETAIN_SELF = YES;
				CLANG_WARN_OBJC_LITERAL_CONVERSION = YES;
				CLANG_WARN_OBJC_ROOT_CLASS = YES_ERROR;
				CLANG_WARN_QUOTED_INCLUDE_IN_FRAMEWORK_HEADER = YES;
				CLANG_WARN_RANGE_LOOP_ANALYSIS = YES;
				CLANG_WARN_STRICT_PROTOTYPES = YES;
				CLANG_WARN_SUSPICIOUS_MOVE = YES;
				CLANG_WARN_UNGUARDED_AVAILABILITY = YES_AGGRESSIVE;
				CLANG_WARN_UNREACHABLE_CODE = YES;
				CLANG_WARN__DUPLICATE_METHOD_MATCH = YES;
				COPY_PHASE_STRIP = NO;
				DEBUG_INFORMATION_FORMAT = "dwarf-with-dsym";
				ENABLE_NS_ASSERTIONS = NO;
				ENABLE_STRICT_OBJC_MSGSEND = YES;
				GCC_C_LANGUAGE_STANDARD = gnu11;
				GCC_NO_COMMON_BLOCKS = YES;
				GCC_WARN_64_TO_32_BIT_CONVERSION = YES;
				GCC_WARN_ABOUT_RETURN_TYPE = YES_ERROR;
				GCC_WARN_HIDDEN_VIRTUAL_FUNCTIONS = YES;
				GCC_WARN_UNDECLARED_SELECTOR = YES;
				GCC_WARN_UNINITIALIZED_AUTOS = YES_AGGRESSIVE;
				GCC_WARN_UNUSED_FUNCTION = YES;
				GCC_WARN_UNUSED_VARIABLE = YES;
				MACOSX_DEPLOYMENT_TARGET = 13.0;
				MTL_ENABLE_DEBUG_INFO = NO;
				MTL_FAST_MATH = YES;
				SDKROOT = macosx;
			};
			name = Release;
		};
		ABD104FF291E83280083B993 /* Debug */ = {
			isa = XCBuildConfiguration;
			buildSettings = {
				CODE_SIGN_STYLE = Automatic;
				PRODUCT_NAME = "$(TARGET_NAME)";
			};
			name = Debug;
		};
		ABD10500291E83280083B993 /* Release */ = {
			isa = XCBuildConfiguration;
			buildSettings = {
				CODE_SIGN_STYLE = Automatic;
				PRODUCT_NAME = "$(TARGET_NAME)";
			};
			name = Release;
		};
		ABD10521291E88030083B993 /* Debug */ = {
			isa = XCBuildConfiguration;
			buildSettings = {
				CLANG_CXX_LANGUAGE_STANDARD = "gnu++20";
				CODE_SIGN_STYLE = Automatic;
				CURRENT_PROJECT_VERSION = 1;
				GENERATE_INFOPLIST_FILE = YES;
				MARKETING_VERSION = 1.0;
				PRODUCT_BUNDLE_IDENTIFIER = "com.gbeauchemin.passthrough-tests";
				PRODUCT_NAME = "$(TARGET_NAME)";
				SWIFT_EMIT_LOC_STRINGS = NO;
			};
			name = Debug;
		};
		ABD10522291E88030083B993 /* Release */ = {
			isa = XCBuildConfiguration;
			buildSettings = {
				CLANG_CXX_LANGUAGE_STANDARD = "gnu++20";
				CODE_SIGN_STYLE = Automatic;
				CURRENT_PROJECT_VERSION = 1;
				GENERATE_INFOPLIST_FILE = YES;
				MARKETING_VERSION = 1.0;
				PRODUCT_BUNDLE_IDENTIFIER = "com.gbeauchemin.passthrough-tests";
				PRODUCT_NAME = "$(TARGET_NAME)";
				SWIFT_EMIT_LOC_STRINGS = NO;
			};
			name = Release;
		};
		ABD1052E291E88570083B993 /* Debug */ = {
			isa = XCBuildConfiguration;
			buildSettings = {
				CLANG_CXX_LANGUAGE_STANDARD = "gnu++20";
				CODE_SIGN_STYLE = Automatic;
				CURRENT_PROJECT_VERSION = 1;
				GENERATE_INFOPLIST_FILE = YES;
				MARKETING_VERSION = 1.0;
				PRODUCT_BUNDLE_IDENTIFIER = "com.gbeauchemin.regression-tests";
				PRODUCT_NAME = "$(TARGET_NAME)";
				SWIFT_EMIT_LOC_STRINGS = NO;
			};
			name = Debug;
		};
		ABD1052F291E88570083B993 /* Release */ = {
			isa = XCBuildConfiguration;
			buildSettings = {
				CLANG_CXX_LANGUAGE_STANDARD = "gnu++20";
				CODE_SIGN_STYLE = Automatic;
				CURRENT_PROJECT_VERSION = 1;
				GENERATE_INFOPLIST_FILE = YES;
				MARKETING_VERSION = 1.0;
				PRODUCT_BUNDLE_IDENTIFIER = "com.gbeauchemin.regression-tests";
				PRODUCT_NAME = "$(TARGET_NAME)";
				SWIFT_EMIT_LOC_STRINGS = NO;
			};
			name = Release;
		};
/* End XCBuildConfiguration section */

/* Begin XCConfigurationList section */
		ABD104F2291E83280083B993 /* Build configuration list for PBXProject "cppfront" */ = {
			isa = XCConfigurationList;
			buildConfigurations = (
				ABD104FC291E83280083B993 /* Debug */,
				ABD104FD291E83280083B993 /* Release */,
			);
			defaultConfigurationIsVisible = 0;
			defaultConfigurationName = Release;
		};
		ABD104FE291E83280083B993 /* Build configuration list for PBXNativeTarget "cppfront" */ = {
			isa = XCConfigurationList;
			buildConfigurations = (
				ABD104FF291E83280083B993 /* Debug */,
				ABD10500291E83280083B993 /* Release */,
			);
			defaultConfigurationIsVisible = 0;
			defaultConfigurationName = Release;
		};
		ABD10520291E88030083B993 /* Build configuration list for PBXNativeTarget "passthrough-tests" */ = {
			isa = XCConfigurationList;
			buildConfigurations = (
				ABD10521291E88030083B993 /* Debug */,
				ABD10522291E88030083B993 /* Release */,
			);
			defaultConfigurationIsVisible = 0;
			defaultConfigurationName = Release;
		};
		ABD1052D291E88570083B993 /* Build configuration list for PBXNativeTarget "regression-tests" */ = {
			isa = XCConfigurationList;
			buildConfigurations = (
				ABD1052E291E88570083B993 /* Debug */,
				ABD1052F291E88570083B993 /* Release */,
			);
			defaultConfigurationIsVisible = 0;
			defaultConfigurationName = Release;
		};
/* End XCConfigurationList section */
	};
	rootObject = ABD104EF291E83280083B993 /* Project object */;
}
